# Pinned upstreams. Nothing is vendored; setup.sh fetches these exact commits.
artifact  https://github.com/stanford-iris-lab/meta-harness-tbench2-artifact  57fefdb2ff84af3fd81b69d67814acbe69bd0743  2026-03-26
kira      https://github.com/krafton-ai/KIRA                                  652dacbf14d29ea93a83c496ee91e0e5ba286721  2026-05-29
